// !$*UTF8*$!
{
	archiveVersion = 1;
	classes = {
	};
	objectVersion = 50;
	objects = {

/* Begin PBXBuildFile section */
		18CA447422EF2E1E00794493 /* AppDelegate.swift in Sources */ = {isa = PBXBuildFile; fileRef = 18CA447322EF2E1E00794493 /* AppDelegate.swift */; };
		18CA447622EF2E1E00794493 /* ViewController.swift in Sources */ = {isa = PBXBuildFile; fileRef = 18CA447522EF2E1E00794493 /* ViewController.swift */; };
		18CA447922EF2E1E00794493 /* Main.storyboard in Resources */ = {isa = PBXBuildFile; fileRef = 18CA447722EF2E1E00794493 /* Main.storyboard */; };
		18CA447B22EF2E1F00794493 /* Assets.xcassets in Resources */ = {isa = PBXBuildFile; fileRef = 18CA447A22EF2E1F00794493 /* Assets.xcassets */; };
		18CA447E22EF2E1F00794493 /* LaunchScreen.storyboard in Resources */ = {isa = PBXBuildFile; fileRef = 18CA447C22EF2E1F00794493 /* LaunchScreen.storyboard */; };
		18CA448922EF2E1F00794493 /* Camera_PracticeTests.swift in Sources */ = {isa = PBXBuildFile; fileRef = 18CA448822EF2E1F00794493 /* Camera_PracticeTests.swift */; };
		18CA449422EF2E1F00794493 /* Camera_PracticeUITests.swift in Sources */ = {isa = PBXBuildFile; fileRef = 18CA449322EF2E1F00794493 /* Camera_PracticeUITests.swift */; };
/* End PBXBuildFile section */

/* Begin PBXContainerItemProxy section */
		18CA448522EF2E1F00794493 /* PBXContainerItemProxy */ = {
			isa = PBXContainerItemProxy;
			containerPortal = 18CA446822EF2E1E00794493 /* Project object */;
			proxyType = 1;
			remoteGlobalIDString = 18CA446F22EF2E1E00794493;
			remoteInfo = "Camera Practice";
		};
		18CA449022EF2E1F00794493 /* PBXContainerItemProxy */ = {
			isa = PBXContainerItemProxy;
			containerPortal = 18CA446822EF2E1E00794493 /* Project object */;
			proxyType = 1;
			remoteGlobalIDString = 18CA446F22EF2E1E00794493;
			remoteInfo = "Camera Practice";
		};
/* End PBXContainerItemProxy section */

/* Begin PBXFileReference section */
		18CA447022EF2E1E00794493 /* Camera Practice.app */ = {isa = PBXFileReference; explicitFileType = wrapper.application; includeInIndex = 0; path = "Camera Practice.app"; sourceTree = BUILT_PRODUCTS_DIR; };
		18CA447322EF2E1E00794493 /* AppDelegate.swift */ = {isa = PBXFileReference; lastKnownFileType = sourcecode.swift; path = AppDelegate.swift; sourceTree = "<group>"; };
		18CA447522EF2E1E00794493 /* ViewController.swift */ = {isa = PBXFileReference; lastKnownFileType = sourcecode.swift; path = ViewController.swift; sourceTree = "<group>"; };
		18CA447822EF2E1E00794493 /* Base */ = {isa = PBXFileReference; lastKnownFileType = file.storyboard; name = Base; path = Base.lproj/Main.storyboard; sourceTree = "<group>"; };
		18CA447A22EF2E1F00794493 /* Assets.xcassets */ = {isa = PBXFileReference; lastKnownFileType = folder.assetcatalog; path = Assets.xcassets; sourceTree = "<group>"; };
		18CA447D22EF2E1F00794493 /* Base */ = {isa = PBXFileReference; lastKnownFileType = file.storyboard; name = Base; path = Base.lproj/LaunchScreen.storyboard; sourceTree = "<group>"; };
		18CA447F22EF2E1F00794493 /* Info.plist */ = {isa = PBXFileReference; lastKnownFileType = text.plist.xml; path = Info.plist; sourceTree = "<group>"; };
		18CA448422EF2E1F00794493 /* Camera PracticeTests.xctest */ = {isa = PBXFileReference; explicitFileType = wrapper.cfbundle; includeInIndex = 0; path = "Camera PracticeTests.xctest"; sourceTree = BUILT_PRODUCTS_DIR; };
		18CA448822EF2E1F00794493 /* Camera_PracticeTests.swift */ = {isa = PBXFileReference; lastKnownFileType = sourcecode.swift; path = Camera_PracticeTests.swift; sourceTree = "<group>"; };
		18CA448A22EF2E1F00794493 /* Info.plist */ = {isa = PBXFileReference; lastKnownFileType = text.plist.xml; path = Info.plist; sourceTree = "<group>"; };
		18CA448F22EF2E1F00794493 /* Camera PracticeUITests.xctest */ = {isa = PBXFileReference; explicitFileType = wrapper.cfbundle; includeInIndex = 0; path = "Camera PracticeUITests.xctest"; sourceTree = BUILT_PRODUCTS_DIR; };
		18CA449322EF2E1F00794493 /* Camera_PracticeUITests.swift */ = {isa = PBXFileReference; lastKnownFileType = sourcecode.swift; path = Camera_PracticeUITests.swift; sourceTree = "<group>"; };
		18CA449522EF2E1F00794493 /* Info.plist */ = {isa = PBXFileReference; lastKnownFileType = text.plist.xml; path = Info.plist; sourceTree = "<group>"; };
/* End PBXFileReference section */

/* Begin PBXFrameworksBuildPhase section */
		18CA446D22EF2E1E00794493 /* Frameworks */ = {
			isa = PBXFrameworksBuildPhase;
			buildActionMask = 2147483647;
			files = (
			);
			runOnlyForDeploymentPostprocessing = 0;
		};
		18CA448122EF2E1F00794493 /* Frameworks */ = {
			isa = PBXFrameworksBuildPhase;
			buildActionMask = 2147483647;
			files = (
			);
			runOnlyForDeploymentPostprocessing = 0;
		};
		18CA448C22EF2E1F00794493 /* Frameworks */ = {
			isa = PBXFrameworksBuildPhase;
			buildActionMask = 2147483647;
			files = (
			);
			runOnlyForDeploymentPostprocessing = 0;
		};
/* End PBXFrameworksBuildPhase section */

/* Begin PBXGroup section */
		18CA446722EF2E1E00794493 = {
			isa = PBXGroup;
			children = (
				18CA447222EF2E1E00794493 /* Camera Practice */,
				18CA448722EF2E1F00794493 /* Camera PracticeTests */,
				18CA449222EF2E1F00794493 /* Camera PracticeUITests */,
				18CA447122EF2E1E00794493 /* Products */,
			);
			sourceTree = "<group>";
		};
		18CA447122EF2E1E00794493 /* Products */ = {
			isa = PBXGroup;
			children = (
				18CA447022EF2E1E00794493 /* Camera Practice.app */,
				18CA448422EF2E1F00794493 /* Camera PracticeTests.xctest */,
				18CA448F22EF2E1F00794493 /* Camera PracticeUITests.xctest */,
			);
			name = Products;
			sourceTree = "<group>";
		};
		18CA447222EF2E1E00794493 /* Camera Practice */ = {
			isa = PBXGroup;
			children = (
				18CA447322EF2E1E00794493 /* AppDelegate.swift */,
				18CA447522EF2E1E00794493 /* ViewController.swift */,
				18CA447722EF2E1E00794493 /* Main.storyboard */,
				18CA447A22EF2E1F00794493 /* Assets.xcassets */,
				18CA447C22EF2E1F00794493 /* LaunchScreen.storyboard */,
				18CA447F22EF2E1F00794493 /* Info.plist */,
			);
			path = "Camera Practice";
			sourceTree = "<group>";
		};
		18CA448722EF2E1F00794493 /* Camera PracticeTests */ = {
			isa = PBXGroup;
			children = (
				18CA448822EF2E1F00794493 /* Camera_PracticeTests.swift */,
				18CA448A22EF2E1F00794493 /* Info.plist */,
			);
			path = "Camera PracticeTests";
			sourceTree = "<group>";
		};
		18CA449222EF2E1F00794493 /* Camera PracticeUITests */ = {
			isa = PBXGroup;
			children = (
				18CA449322EF2E1F00794493 /* Camera_PracticeUITests.swift */,
				18CA449522EF2E1F00794493 /* Info.plist */,
			);
			path = "Camera PracticeUITests";
			sourceTree = "<group>";
		};
/* End PBXGroup section */

/* Begin PBXNativeTarget section */
		18CA446F22EF2E1E00794493 /* Camera Practice */ = {
			isa = PBXNativeTarget;
			buildConfigurationList = 18CA449822EF2E1F00794493 /* Build configuration list for PBXNativeTarget "Camera Practice" */;
			buildPhases = (
				18CA446C22EF2E1E00794493 /* Sources */,
				18CA446D22EF2E1E00794493 /* Frameworks */,
				18CA446E22EF2E1E00794493 /* Resources */,
			);
			buildRules = (
			);
			dependencies = (
			);
			name = "Camera Practice";
			productName = "Camera Practice";
			productReference = 18CA447022EF2E1E00794493 /* Camera Practice.app */;
			productType = "com.apple.product-type.application";
		};
		18CA448322EF2E1F00794493 /* Camera PracticeTests */ = {
			isa = PBXNativeTarget;
			buildConfigurationList = 18CA449B22EF2E1F00794493 /* Build configuration list for PBXNativeTarget "Camera PracticeTests" */;
			buildPhases = (
				18CA448022EF2E1F00794493 /* Sources */,
				18CA448122EF2E1F00794493 /* Frameworks */,
				18CA448222EF2E1F00794493 /* Resources */,
			);
			buildRules = (
			);
			dependencies = (
				18CA448622EF2E1F00794493 /* PBXTargetDependency */,
			);
			name = "Camera PracticeTests";
			productName = "Camera PracticeTests";
			productReference = 18CA448422EF2E1F00794493 /* Camera PracticeTests.xctest */;
			productType = "com.apple.product-type.bundle.unit-test";
		};
		18CA448E22EF2E1F00794493 /* Camera PracticeUITests */ = {
			isa = PBXNativeTarget;
			buildConfigurationList = 18CA449E22EF2E1F00794493 /* Build configuration list for PBXNativeTarget "Camera PracticeUITests" */;
			buildPhases = (
				18CA448B22EF2E1F00794493 /* Sources */,
				18CA448C22EF2E1F00794493 /* Frameworks */,
				18CA448D22EF2E1F00794493 /* Resources */,
			);
			buildRules = (
			);
			dependencies = (
				18CA449122EF2E1F00794493 /* PBXTargetDependency */,
			);
			name = "Camera PracticeUITests";
			productName = "Camera PracticeUITests";
			productReference = 18CA448F22EF2E1F00794493 /* Camera PracticeUITests.xctest */;
			productType = "com.apple.product-type.bundle.ui-testing";
		};
/* End PBXNativeTarget section */

/* Begin PBXProject section */
		18CA446822EF2E1E00794493 /* Project object */ = {
			isa = PBXProject;
			attributes = {
				LastSwiftUpdateCheck = 1020;
				LastUpgradeCheck = 1020;
				ORGANIZATIONNAME = Apple;
				TargetAttributes = {
					18CA446F22EF2E1E00794493 = {
						CreatedOnToolsVersion = 10.2.1;
					};
					18CA448322EF2E1F00794493 = {
						CreatedOnToolsVersion = 10.2.1;
						TestTargetID = 18CA446F22EF2E1E00794493;
					};
					18CA448E22EF2E1F00794493 = {
						CreatedOnToolsVersion = 10.2.1;
						TestTargetID = 18CA446F22EF2E1E00794493;
					};
				};
			};
			buildConfigurationList = 18CA446B22EF2E1E00794493 /* Build configuration list for PBXProject "Camera Practice" */;
			compatibilityVersion = "Xcode 9.3";
			developmentRegion = en;
			hasScannedForEncodings = 0;
			knownRegions = (
				en,
				Base,
			);
			mainGroup = 18CA446722EF2E1E00794493;
			productRefGroup = 18CA447122EF2E1E00794493 /* Products */;
			projectDirPath = "";
			projectRoot = "";
			targets = (
				18CA446F22EF2E1E00794493 /* Camera Practice */,
				18CA448322EF2E1F00794493 /* Camera PracticeTests */,
				18CA448E22EF2E1F00794493 /* Camera PracticeUITests */,
			);
		};
/* End PBXProject section */

/* Begin PBXResourcesBuildPhase section */
		18CA446E22EF2E1E00794493 /* Resources */ = {
			isa = PBXResourcesBuildPhase;
			buildActionMask = 2147483647;
			files = (
				18CA447E22EF2E1F00794493 /* LaunchScreen.storyboard in Resources */,
				18CA447B22EF2E1F00794493 /* Assets.xcassets in Resources */,
				18CA447922EF2E1E00794493 /* Main.storyboard in Resources */,
			);
			runOnlyForDeploymentPostprocessing = 0;
		};
		18CA448222EF2E1F00794493 /* Resources */ = {
			isa = PBXResourcesBuildPhase;
			buildActionMask = 2147483647;
			files = (
			);
			runOnlyForDeploymentPostprocessing = 0;
		};
		18CA448D22EF2E1F00794493 /* Resources */ = {
			isa = PBXResourcesBuildPhase;
			buildActionMask = 2147483647;
			files = (
			);
			runOnlyForDeploymentPostprocessing = 0;
		};
/* End PBXResourcesBuildPhase section */

/* Begin PBXSourcesBuildPhase section */
		18CA446C22EF2E1E00794493 /* Sources */ = {
			isa = PBXSourcesBuildPhase;
			buildActionMask = 2147483647;
			files = (
				18CA447622EF2E1E00794493 /* ViewController.swift in Sources */,
				18CA447422EF2E1E00794493 /* AppDelegate.swift in Sources */,
			);
			runOnlyForDeploymentPostprocessing = 0;
		};
		18CA448022EF2E1F00794493 /* Sources */ = {
			isa = PBXSourcesBuildPhase;
			buildActionMask = 2147483647;
			files = (
				18CA448922EF2E1F00794493 /* Camera_PracticeTests.swift in Sources */,
			);
			runOnlyForDeploymentPostprocessing = 0;
		};
		18CA448B22EF2E1F00794493 /* Sources */ = {
			isa = PBXSourcesBuildPhase;
			buildActionMask = 2147483647;
			files = (
				18CA449422EF2E1F00794493 /* Camera_PracticeUITests.swift in Sources */,
			);
			runOnlyForDeploymentPostprocessing = 0;
		};
/* End PBXSourcesBuildPhase section */

/* Begin PBXTargetDependency section */
		18CA448622EF2E1F00794493 /* PBXTargetDependency */ = {
			isa = PBXTargetDependency;
			target = 18CA446F22EF2E1E00794493 /* Camera Practice */;
			targetProxy = 18CA448522EF2E1F00794493 /* PBXContainerItemProxy */;
		};
		18CA449122EF2E1F00794493 /* PBXTargetDependency */ = {
			isa = PBXTargetDependency;
			target = 18CA446F22EF2E1E00794493 /* Camera Practice */;
			targetProxy = 18CA449022EF2E1F00794493 /* PBXContainerItemProxy */;
		};
/* End PBXTargetDependency section */

/* Begin PBXVariantGroup section */
		18CA447722EF2E1E00794493 /* Main.storyboard */ = {
			isa = PBXVariantGroup;
			children = (
				18CA447822EF2E1E00794493 /* Base */,
			);
			name = Main.storyboard;
			sourceTree = "<group>";
		};
		18CA447C22EF2E1F00794493 /* LaunchScreen.storyboard */ = {
			isa = PBXVariantGroup;
			children = (
				18CA447D22EF2E1F00794493 /* Base */,
			);
			name = LaunchScreen.storyboard;
			sourceTree = "<group>";
		};
/* End PBXVariantGroup section */

/* Begin XCBuildConfiguration section */
		18CA449622EF2E1F00794493 /* Debug */ = {
			isa = XCBuildConfiguration;
			buildSettings = {
				ALWAYS_SEARCH_USER_PATHS = NO;
				CLANG_ANALYZER_NONNULL = YES;
				CLANG_ANALYZER_NUMBER_OBJECT_CONVERSION = YES_AGGRESSIVE;
				CLANG_CXX_LANGUAGE_STANDARD = "gnu++14";
				CLANG_CXX_LIBRARY = "libc++";
				CLANG_ENABLE_MODULES = YES;
				CLANG_ENABLE_OBJC_ARC = YES;
				CLANG_ENABLE_OBJC_WEAK = YES;
				CLANG_WARN_BLOCK_CAPTURE_AUTORELEASING = YES;
				CLANG_WARN_BOOL_CONVERSION = YES;
				CLANG_WARN_COMMA = YES;
				CLANG_WARN_CONSTANT_CONVERSION = YES;
				CLANG_WARN_DEPRECATED_OBJC_IMPLEMENTATIONS = YES;
				CLANG_WARN_DIRECT_OBJC_ISA_USAGE = YES_ERROR;
				CLANG_WARN_DOCUMENTATION_COMMENTS = YES;
				CLANG_WARN_EMPTY_BODY = YES;
				CLANG_WARN_ENUM_CONVERSION = YES;
				CLANG_WARN_INFINITE_RECURSION = YES;
				CLANG_WARN_INT_CONVERSION = YES;
				CLANG_WARN_NON_LITERAL_NULL_CONVERSION = YES;
				CLANG_WARN_OBJC_IMPLICIT_RETAIN_SELF = YES;
				CLANG_WARN_OBJC_LITERAL_CONVERSION = YES;
				CLANG_WARN_OBJC_ROOT_CLASS = YES_ERROR;
				CLANG_WARN_RANGE_LOOP_ANALYSIS = YES;
				CLANG_WARN_STRICT_PROTOTYPES = YES;
				CLANG_WARN_SUSPICIOUS_MOVE = YES;
				CLANG_WARN_UNGUARDED_AVAILABILITY = YES_AGGRESSIVE;
				CLANG_WARN_UNREACHABLE_CODE = YES;
				CLANG_WARN__DUPLICATE_METHOD_MATCH = YES;
				CODE_SIGN_IDENTITY = "iPhone Developer";
				COPY_PHASE_STRIP = NO;
				DEBUG_INFORMATION_FORMAT = dwarf;
				ENABLE_STRICT_OBJC_MSGSEND = YES;
				ENABLE_TESTABILITY = YES;
				GCC_C_LANGUAGE_STANDARD = gnu11;
				GCC_DYNAMIC_NO_PIC = NO;
				GCC_NO_COMMON_BLOCKS = YES;
				GCC_OPTIMIZATION_LEVEL = 0;
				GCC_PREPROCESSOR_DEFINITIONS = (
					"DEBUG=1",
					"$(inherited)",
				);
				GCC_WARN_64_TO_32_BIT_CONVERSION = YES;
				GCC_WARN_ABOUT_RETURN_TYPE = YES_ERROR;
				GCC_WARN_UNDECLARED_SELECTOR = YES;
				GCC_WARN_UNINITIALIZED_AUTOS = YES_AGGRESSIVE;
				GCC_WARN_UNUSED_FUNCTION = YES;
				GCC_WARN_UNUSED_VARIABLE = YES;
				IPHONEOS_DEPLOYMENT_TARGET = 12.2;
				MTL_ENABLE_DEBUG_INFO = INCLUDE_SOURCE;
				MTL_FAST_MATH = YES;
				ONLY_ACTIVE_ARCH = YES;
				SDKROOT = iphoneos;
				SWIFT_ACTIVE_COMPILATION_CONDITIONS = DEBUG;
				SWIFT_OPTIMIZATION_LEVEL = "-Onone";
			};
			name = Debug;
		};
		18CA449722EF2E1F00794493 /* Release */ = {
			isa = XCBuildConfiguration;
			buildSettings = {
				ALWAYS_SEARCH_USER_PATHS = NO;
				CLANG_ANALYZER_NONNULL = YES;
				CLANG_ANALYZER_NUMBER_OBJECT_CONVERSION = YES_AGGRESSIVE;
				CLANG_CXX_LANGUAGE_STANDARD = "gnu++14";
				CLANG_CXX_LIBRARY = "libc++";
				CLANG_ENABLE_MODULES = YES;
				CLANG_ENABLE_OBJC_ARC = YES;
				CLANG_ENABLE_OBJC_WEAK = YES;
				CLANG_WARN_BLOCK_CAPTURE_AUTORELEASING = YES;
				CLANG_WARN_BOOL_CONVERSION = YES;
				CLANG_WARN_COMMA = YES;
				CLANG_WARN_CONSTANT_CONVERSION = YES;
				CLANG_WARN_DEPRECATED_OBJC_IMPLEMENTATIONS = YES;
				CLANG_WARN_DIRECT_OBJC_ISA_USAGE = YES_ERROR;
				CLANG_WARN_DOCUMENTATION_COMMENTS = YES;
				CLANG_WARN_EMPTY_BODY = YES;
				CLANG_WARN_ENUM_CONVERSION = YES;
				CLANG_WARN_INFINITE_RECURSION = YES;
				CLANG_WARN_INT_CONVERSION = YES;
				CLANG_WARN_NON_LITERAL_NULL_CONVERSION = YES;
				CLANG_WARN_OBJC_IMPLICIT_RETAIN_SELF = YES;
				CLANG_WARN_OBJC_LITERAL_CONVERSION = YES;
				CLANG_WARN_OBJC_ROOT_CLASS = YES_ERROR;
				CLANG_WARN_RANGE_LOOP_ANALYSIS = YES;
				CLANG_WARN_STRICT_PROTOTYPES = YES;
				CLANG_WARN_SUSPICIOUS_MOVE = YES;
				CLANG_WARN_UNGUARDED_AVAILABILITY = YES_AGGRESSIVE;
				CLANG_WARN_UNREACHABLE_CODE = YES;
				CLANG_WARN__DUPLICATE_METHOD_MATCH = YES;
				CODE_SIGN_IDENTITY = "iPhone Developer";
				COPY_PHASE_STRIP = NO;
				DEBUG_INFORMATION_FORMAT = "dwarf-with-dsym";
				ENABLE_NS_ASSERTIONS = NO;
				ENABLE_STRICT_OBJC_MSGSEND = YES;
				GCC_C_LANGUAGE_STANDARD = gnu11;
				GCC_NO_COMMON_BLOCKS = YES;
				GCC_WARN_64_TO_32_BIT_CONVERSION = YES;
				GCC_WARN_ABOUT_RETURN_TYPE = YES_ERROR;
				GCC_WARN_UNDECLARED_SELECTOR = YES;
				GCC_WARN_UNINITIALIZED_AUTOS = YES_AGGRESSIVE;
				GCC_WARN_UNUSED_FUNCTION = YES;
				GCC_WARN_UNUSED_VARIABLE = YES;
				IPHONEOS_DEPLOYMENT_TARGET = 12.2;
				MTL_ENABLE_DEBUG_INFO = NO;
				MTL_FAST_MATH = YES;
				SDKROOT = iphoneos;
				SWIFT_COMPILATION_MODE = wholemodule;
				SWIFT_OPTIMIZATION_LEVEL = "-O";
				VALIDATE_PRODUCT = YES;
			};
			name = Release;
		};
		18CA449922EF2E1F00794493 /* Debug */ = {
			isa = XCBuildConfiguration;
			buildSettings = {
				ASSETCATALOG_COMPILER_APPICON_NAME = AppIcon;
				CODE_SIGN_STYLE = Automatic;
				INFOPLIST_FILE = "Camera Practice/Info.plist";
				LD_RUNPATH_SEARCH_PATHS = (
					"$(inherited)",
					"@executable_path/Frameworks",
				);
				PRODUCT_BUNDLE_IDENTIFIER = "Emily-Lin.Camera-Practice";
				PRODUCT_NAME = "$(TARGET_NAME)";
				SWIFT_VERSION = 5.0;
				TARGETED_DEVICE_FAMILY = "1,2";
			};
			name = Debug;
		};
		18CA449A22EF2E1F00794493 /* Release */ = {
			isa = XCBuildConfiguration;
			buildSettings = {
				ASSETCATALOG_COMPILER_APPICON_NAME = AppIcon;
				CODE_SIGN_STYLE = Automatic;
				INFOPLIST_FILE = "Camera Practice/Info.plist";
				LD_RUNPATH_SEARCH_PATHS = (
					"$(inherited)",
					"@executable_path/Frameworks",
				);
				PRODUCT_BUNDLE_IDENTIFIER = "Emily-Lin.Camera-Practice";
				PRODUCT_NAME = "$(TARGET_NAME)";
				SWIFT_VERSION = 5.0;
				TARGETED_DEVICE_FAMILY = "1,2";
			};
			name = Release;
		};
		18CA449C22EF2E1F00794493 /* Debug */ = {
			isa = XCBuildConfiguration;
			buildSettings = {
				ALWAYS_EMBED_SWIFT_STANDARD_LIBRARIES = YES;
				BUNDLE_LOADER = "$(TEST_HOST)";
				CODE_SIGN_STYLE = Automatic;
				INFOPLIST_FILE = "Camera PracticeTests/Info.plist";
				LD_RUNPATH_SEARCH_PATHS = (
					"$(inherited)",
					"@executable_path/Frameworks",
					"@loader_path/Frameworks",
				);
				PRODUCT_BUNDLE_IDENTIFIER = "Emily-Lin.Camera-PracticeTests";
				PRODUCT_NAME = "$(TARGET_NAME)";
				SWIFT_VERSION = 5.0;
				TARGETED_DEVICE_FAMILY = "1,2";
				TEST_HOST = "$(BUILT_PRODUCTS_DIR)/Camera Practice.app/Camera Practice";
			};
			name = Debug;
		};
		18CA449D22EF2E1F00794493 /* Release */ = {
			isa = XCBuildConfiguration;
			buildSettings = {
				ALWAYS_EMBED_SWIFT_STANDARD_LIBRARIES = YES;
				BUNDLE_LOADER = "$(TEST_HOST)";
				CODE_SIGN_STYLE = Automatic;
				INFOPLIST_FILE = "Camera PracticeTests/Info.plist";
				LD_RUNPATH_SEARCH_PATHS = (
					"$(inherited)",
					"@executable_path/Frameworks",
					"@loader_path/Frameworks",
				);
				PRODUCT_BUNDLE_IDENTIFIER = "Emily-Lin.Camera-PracticeTests";
				PRODUCT_NAME = "$(TARGET_NAME)";
				SWIFT_VERSION = 5.0;
				TARGETED_DEVICE_FAMILY = "1,2";
				TEST_HOST = "$(BUILT_PRODUCTS_DIR)/Camera Practice.app/Camera Practice";
			};
			name = Release;
		};
		18CA449F22EF2E1F00794493 /* Debug */ = {
			isa = XCBuildConfiguration;
			buildSettings = {
				ALWAYS_EMBED_SWIFT_STANDARD_LIBRARIES = YES;
				CODE_SIGN_STYLE = Automatic;
				INFOPLIST_FILE = "Camera PracticeUITests/Info.plist";
				LD_RUNPATH_SEARCH_PATHS = (
					"$(inherited)",
					"@executable_path/Frameworks",
					"@loader_path/Frameworks",
				);
				PRODUCT_BUNDLE_IDENTIFIER = "Emily-Lin.Camera-PracticeUITests";
				PRODUCT_NAME = "$(TARGET_NAME)";
				SWIFT_VERSION = 5.0;
				TARGETED_DEVICE_FAMILY = "1,2";
				TEST_TARGET_NAME = "Camera Practice";
			};
			name = Debug;
		};
		18CA44A022EF2E1F00794493 /* Release */ = {
			isa = XCBuildConfiguration;
			buildSettings = {
				ALWAYS_EMBED_SWIFT_STANDARD_LIBRARIES = YES;
				CODE_SIGN_STYLE = Automatic;
				INFOPLIST_FILE = "Camera PracticeUITests/Info.plist";
				LD_RUNPATH_SEARCH_PATHS = (
					"$(inherited)",
					"@executable_path/Frameworks",
					"@loader_path/Frameworks",
				);
				PRODUCT_BUNDLE_IDENTIFIER = "Emily-Lin.Camera-PracticeUITests";
				PRODUCT_NAME = "$(TARGET_NAME)";
				SWIFT_VERSION = 5.0;
				TARGETED_DEVICE_FAMILY = "1,2";
				TEST_TARGET_NAME = "Camera Practice";
			};
			name = Release;
		};
/* End XCBuildConfiguration section */

/* Begin XCConfigurationList section */
		18CA446B22EF2E1E00794493 /* Build configuration list for PBXProject "Camera Practice" */ = {
			isa = XCConfigurationList;
			buildConfigurations = (
				18CA449622EF2E1F00794493 /* Debug */,
				18CA449722EF2E1F00794493 /* Release */,
			);
			defaultConfigurationIsVisible = 0;
			defaultConfigurationName = Release;
		};
		18CA449822EF2E1F00794493 /* Build configuration list for PBXNativeTarget "Camera Practice" */ = {
			isa = XCConfigurationList;
			buildConfigurations = (
				18CA449922EF2E1F00794493 /* Debug */,
				18CA449A22EF2E1F00794493 /* Release */,
			);
			defaultConfigurationIsVisible = 0;
			defaultConfigurationName = Release;
		};
		18CA449B22EF2E1F00794493 /* Build configuration list for PBXNativeTarget "Camera PracticeTests" */ = {
			isa = XCConfigurationList;
			buildConfigurations = (
				18CA449C22EF2E1F00794493 /* Debug */,
				18CA449D22EF2E1F00794493 /* Release */,
			);
			defaultConfigurationIsVisible = 0;
			defaultConfigurationName = Release;
		};
		18CA449E22EF2E1F00794493 /* Build configuration list for PBXNativeTarget "Camera PracticeUITests" */ = {
			isa = XCConfigurationList;
			buildConfigurations = (
				18CA449F22EF2E1F00794493 /* Debug */,
				18CA44A022EF2E1F00794493 /* Release */,
			);
			defaultConfigurationIsVisible = 0;
			defaultConfigurationName = Release;
		};
/* End XCConfigurationList section */
	};
	rootObject = 18CA446822EF2E1E00794493 /* Project object */;
}
