// !$*UTF8*$!
{
	archiveVersion = 1;
	classes = {
	};
	objectVersion = 50;
	objects = {

/* Begin PBXBuildFile section */
		1828403122EB6E2D002D2D4B /* AppDelegate.swift in Sources */ = {isa = PBXBuildFile; fileRef = 1828403022EB6E2D002D2D4B /* AppDelegate.swift */; };
		1828403622EB6E2D002D2D4B /* Main.storyboard in Resources */ = {isa = PBXBuildFile; fileRef = 1828403422EB6E2D002D2D4B /* Main.storyboard */; };
		1828403822EB6E2E002D2D4B /* Assets.xcassets in Resources */ = {isa = PBXBuildFile; fileRef = 1828403722EB6E2E002D2D4B /* Assets.xcassets */; };
		1828403B22EB6E2E002D2D4B /* LaunchScreen.storyboard in Resources */ = {isa = PBXBuildFile; fileRef = 1828403922EB6E2E002D2D4B /* LaunchScreen.storyboard */; };
		1828404622EB6E2F002D2D4B /* Table_PracticeTests.swift in Sources */ = {isa = PBXBuildFile; fileRef = 1828404522EB6E2F002D2D4B /* Table_PracticeTests.swift */; };
		1828405122EB6E2F002D2D4B /* Table_PracticeUITests.swift in Sources */ = {isa = PBXBuildFile; fileRef = 1828405022EB6E2F002D2D4B /* Table_PracticeUITests.swift */; };
		1828405F22EB711E002D2D4B /* DogsTableViewController.swift in Sources */ = {isa = PBXBuildFile; fileRef = 1828405E22EB711E002D2D4B /* DogsTableViewController.swift */; };
/* End PBXBuildFile section */

/* Begin PBXContainerItemProxy section */
		1828404222EB6E2F002D2D4B /* PBXContainerItemProxy */ = {
			isa = PBXContainerItemProxy;
			containerPortal = 1828402522EB6E2D002D2D4B /* Project object */;
			proxyType = 1;
			remoteGlobalIDString = 1828402C22EB6E2D002D2D4B;
			remoteInfo = "Table Practice";
		};
		1828404D22EB6E2F002D2D4B /* PBXContainerItemProxy */ = {
			isa = PBXContainerItemProxy;
			containerPortal = 1828402522EB6E2D002D2D4B /* Project object */;
			proxyType = 1;
			remoteGlobalIDString = 1828402C22EB6E2D002D2D4B;
			remoteInfo = "Table Practice";
		};
/* End PBXContainerItemProxy section */

/* Begin PBXFileReference section */
		1828402D22EB6E2D002D2D4B /* Table Practice.app */ = {isa = PBXFileReference; explicitFileType = wrapper.application; includeInIndex = 0; path = "Table Practice.app"; sourceTree = BUILT_PRODUCTS_DIR; };
		1828403022EB6E2D002D2D4B /* AppDelegate.swift */ = {isa = PBXFileReference; lastKnownFileType = sourcecode.swift; path = AppDelegate.swift; sourceTree = "<group>"; };
		1828403522EB6E2D002D2D4B /* Base */ = {isa = PBXFileReference; lastKnownFileType = file.storyboard; name = Base; path = Base.lproj/Main.storyboard; sourceTree = "<group>"; };
		1828403722EB6E2E002D2D4B /* Assets.xcassets */ = {isa = PBXFileReference; lastKnownFileType = folder.assetcatalog; path = Assets.xcassets; sourceTree = "<group>"; };
		1828403A22EB6E2E002D2D4B /* Base */ = {isa = PBXFileReference; lastKnownFileType = file.storyboard; name = Base; path = Base.lproj/LaunchScreen.storyboard; sourceTree = "<group>"; };
		1828403C22EB6E2F002D2D4B /* Info.plist */ = {isa = PBXFileReference; lastKnownFileType = text.plist.xml; path = Info.plist; sourceTree = "<group>"; };
		1828404122EB6E2F002D2D4B /* Table PracticeTests.xctest */ = {isa = PBXFileReference; explicitFileType = wrapper.cfbundle; includeInIndex = 0; path = "Table PracticeTests.xctest"; sourceTree = BUILT_PRODUCTS_DIR; };
		1828404522EB6E2F002D2D4B /* Table_PracticeTests.swift */ = {isa = PBXFileReference; lastKnownFileType = sourcecode.swift; path = Table_PracticeTests.swift; sourceTree = "<group>"; };
		1828404722EB6E2F002D2D4B /* Info.plist */ = {isa = PBXFileReference; lastKnownFileType = text.plist.xml; path = Info.plist; sourceTree = "<group>"; };
		1828404C22EB6E2F002D2D4B /* Table PracticeUITests.xctest */ = {isa = PBXFileReference; explicitFileType = wrapper.cfbundle; includeInIndex = 0; path = "Table PracticeUITests.xctest"; sourceTree = BUILT_PRODUCTS_DIR; };
		1828405022EB6E2F002D2D4B /* Table_PracticeUITests.swift */ = {isa = PBXFileReference; lastKnownFileType = sourcecode.swift; path = Table_PracticeUITests.swift; sourceTree = "<group>"; };
		1828405222EB6E2F002D2D4B /* Info.plist */ = {isa = PBXFileReference; lastKnownFileType = text.plist.xml; path = Info.plist; sourceTree = "<group>"; };
		1828405E22EB711E002D2D4B /* DogsTableViewController.swift */ = {isa = PBXFileReference; lastKnownFileType = sourcecode.swift; path = DogsTableViewController.swift; sourceTree = "<group>"; };
/* End PBXFileReference section */

/* Begin PBXFrameworksBuildPhase section */
		1828402A22EB6E2D002D2D4B /* Frameworks */ = {
			isa = PBXFrameworksBuildPhase;
			buildActionMask = 2147483647;
			files = (
			);
			runOnlyForDeploymentPostprocessing = 0;
		};
		1828403E22EB6E2F002D2D4B /* Frameworks */ = {
			isa = PBXFrameworksBuildPhase;
			buildActionMask = 2147483647;
			files = (
			);
			runOnlyForDeploymentPostprocessing = 0;
		};
		1828404922EB6E2F002D2D4B /* Frameworks */ = {
			isa = PBXFrameworksBuildPhase;
			buildActionMask = 2147483647;
			files = (
			);
			runOnlyForDeploymentPostprocessing = 0;
		};
/* End PBXFrameworksBuildPhase section */

/* Begin PBXGroup section */
		1828402422EB6E2D002D2D4B = {
			isa = PBXGroup;
			children = (
				1828402F22EB6E2D002D2D4B /* Table Practice */,
				1828404422EB6E2F002D2D4B /* Table PracticeTests */,
				1828404F22EB6E2F002D2D4B /* Table PracticeUITests */,
				1828402E22EB6E2D002D2D4B /* Products */,
			);
			sourceTree = "<group>";
		};
		1828402E22EB6E2D002D2D4B /* Products */ = {
			isa = PBXGroup;
			children = (
				1828402D22EB6E2D002D2D4B /* Table Practice.app */,
				1828404122EB6E2F002D2D4B /* Table PracticeTests.xctest */,
				1828404C22EB6E2F002D2D4B /* Table PracticeUITests.xctest */,
			);
			name = Products;
			sourceTree = "<group>";
		};
		1828402F22EB6E2D002D2D4B /* Table Practice */ = {
			isa = PBXGroup;
			children = (
				1828403022EB6E2D002D2D4B /* AppDelegate.swift */,
				1828403422EB6E2D002D2D4B /* Main.storyboard */,
				1828403722EB6E2E002D2D4B /* Assets.xcassets */,
				1828403922EB6E2E002D2D4B /* LaunchScreen.storyboard */,
				1828403C22EB6E2F002D2D4B /* Info.plist */,
				1828405E22EB711E002D2D4B /* DogsTableViewController.swift */,
			);
			path = "Table Practice";
			sourceTree = "<group>";
		};
		1828404422EB6E2F002D2D4B /* Table PracticeTests */ = {
			isa = PBXGroup;
			children = (
				1828404522EB6E2F002D2D4B /* Table_PracticeTests.swift */,
				1828404722EB6E2F002D2D4B /* Info.plist */,
			);
			path = "Table PracticeTests";
			sourceTree = "<group>";
		};
		1828404F22EB6E2F002D2D4B /* Table PracticeUITests */ = {
			isa = PBXGroup;
			children = (
				1828405022EB6E2F002D2D4B /* Table_PracticeUITests.swift */,
				1828405222EB6E2F002D2D4B /* Info.plist */,
			);
			path = "Table PracticeUITests";
			sourceTree = "<group>";
		};
/* End PBXGroup section */

/* Begin PBXNativeTarget section */
		1828402C22EB6E2D002D2D4B /* Table Practice */ = {
			isa = PBXNativeTarget;
			buildConfigurationList = 1828405522EB6E2F002D2D4B /* Build configuration list for PBXNativeTarget "Table Practice" */;
			buildPhases = (
				1828402922EB6E2D002D2D4B /* Sources */,
				1828402A22EB6E2D002D2D4B /* Frameworks */,
				1828402B22EB6E2D002D2D4B /* Resources */,
			);
			buildRules = (
			);
			dependencies = (
			);
			name = "Table Practice";
			productName = "Table Practice";
			productReference = 1828402D22EB6E2D002D2D4B /* Table Practice.app */;
			productType = "com.apple.product-type.application";
		};
		1828404022EB6E2F002D2D4B /* Table PracticeTests */ = {
			isa = PBXNativeTarget;
			buildConfigurationList = 1828405822EB6E2F002D2D4B /* Build configuration list for PBXNativeTarget "Table PracticeTests" */;
			buildPhases = (
				1828403D22EB6E2F002D2D4B /* Sources */,
				1828403E22EB6E2F002D2D4B /* Frameworks */,
				1828403F22EB6E2F002D2D4B /* Resources */,
			);
			buildRules = (
			);
			dependencies = (
				1828404322EB6E2F002D2D4B /* PBXTargetDependency */,
			);
			name = "Table PracticeTests";
			productName = "Table PracticeTests";
			productReference = 1828404122EB6E2F002D2D4B /* Table PracticeTests.xctest */;
			productType = "com.apple.product-type.bundle.unit-test";
		};
		1828404B22EB6E2F002D2D4B /* Table PracticeUITests */ = {
			isa = PBXNativeTarget;
			buildConfigurationList = 1828405B22EB6E2F002D2D4B /* Build configuration list for PBXNativeTarget "Table PracticeUITests" */;
			buildPhases = (
				1828404822EB6E2F002D2D4B /* Sources */,
				1828404922EB6E2F002D2D4B /* Frameworks */,
				1828404A22EB6E2F002D2D4B /* Resources */,
			);
			buildRules = (
			);
			dependencies = (
				1828404E22EB6E2F002D2D4B /* PBXTargetDependency */,
			);
			name = "Table PracticeUITests";
			productName = "Table PracticeUITests";
			productReference = 1828404C22EB6E2F002D2D4B /* Table PracticeUITests.xctest */;
			productType = "com.apple.product-type.bundle.ui-testing";
		};
/* End PBXNativeTarget section */

/* Begin PBXProject section */
		1828402522EB6E2D002D2D4B /* Project object */ = {
			isa = PBXProject;
			attributes = {
				LastSwiftUpdateCheck = 1020;
				LastUpgradeCheck = 1020;
				ORGANIZATIONNAME = Apple;
				TargetAttributes = {
					1828402C22EB6E2D002D2D4B = {
						CreatedOnToolsVersion = 10.2.1;
					};
					1828404022EB6E2F002D2D4B = {
						CreatedOnToolsVersion = 10.2.1;
						TestTargetID = 1828402C22EB6E2D002D2D4B;
					};
					1828404B22EB6E2F002D2D4B = {
						CreatedOnToolsVersion = 10.2.1;
						TestTargetID = 1828402C22EB6E2D002D2D4B;
					};
				};
			};
			buildConfigurationList = 1828402822EB6E2D002D2D4B /* Build configuration list for PBXProject "Table Practice" */;
			compatibilityVersion = "Xcode 9.3";
			developmentRegion = en;
			hasScannedForEncodings = 0;
			knownRegions = (
				en,
				Base,
			);
			mainGroup = 1828402422EB6E2D002D2D4B;
			productRefGroup = 1828402E22EB6E2D002D2D4B /* Products */;
			projectDirPath = "";
			projectRoot = "";
			targets = (
				1828402C22EB6E2D002D2D4B /* Table Practice */,
				1828404022EB6E2F002D2D4B /* Table PracticeTests */,
				1828404B22EB6E2F002D2D4B /* Table PracticeUITests */,
			);
		};
/* End PBXProject section */

/* Begin PBXResourcesBuildPhase section */
		1828402B22EB6E2D002D2D4B /* Resources */ = {
			isa = PBXResourcesBuildPhase;
			buildActionMask = 2147483647;
			files = (
				1828403B22EB6E2E002D2D4B /* LaunchScreen.storyboard in Resources */,
				1828403822EB6E2E002D2D4B /* Assets.xcassets in Resources */,
				1828403622EB6E2D002D2D4B /* Main.storyboard in Resources */,
			);
			runOnlyForDeploymentPostprocessing = 0;
		};
		1828403F22EB6E2F002D2D4B /* Resources */ = {
			isa = PBXResourcesBuildPhase;
			buildActionMask = 2147483647;
			files = (
			);
			runOnlyForDeploymentPostprocessing = 0;
		};
		1828404A22EB6E2F002D2D4B /* Resources */ = {
			isa = PBXResourcesBuildPhase;
			buildActionMask = 2147483647;
			files = (
			);
			runOnlyForDeploymentPostprocessing = 0;
		};
/* End PBXResourcesBuildPhase section */

/* Begin PBXSourcesBuildPhase section */
		1828402922EB6E2D002D2D4B /* Sources */ = {
			isa = PBXSourcesBuildPhase;
			buildActionMask = 2147483647;
			files = (
				1828405F22EB711E002D2D4B /* DogsTableViewController.swift in Sources */,
				1828403122EB6E2D002D2D4B /* AppDelegate.swift in Sources */,
			);
			runOnlyForDeploymentPostprocessing = 0;
		};
		1828403D22EB6E2F002D2D4B /* Sources */ = {
			isa = PBXSourcesBuildPhase;
			buildActionMask = 2147483647;
			files = (
				1828404622EB6E2F002D2D4B /* Table_PracticeTests.swift in Sources */,
			);
			runOnlyForDeploymentPostprocessing = 0;
		};
		1828404822EB6E2F002D2D4B /* Sources */ = {
			isa = PBXSourcesBuildPhase;
			buildActionMask = 2147483647;
			files = (
				1828405122EB6E2F002D2D4B /* Table_PracticeUITests.swift in Sources */,
			);
			runOnlyForDeploymentPostprocessing = 0;
		};
/* End PBXSourcesBuildPhase section */

/* Begin PBXTargetDependency section */
		1828404322EB6E2F002D2D4B /* PBXTargetDependency */ = {
			isa = PBXTargetDependency;
			target = 1828402C22EB6E2D002D2D4B /* Table Practice */;
			targetProxy = 1828404222EB6E2F002D2D4B /* PBXContainerItemProxy */;
		};
		1828404E22EB6E2F002D2D4B /* PBXTargetDependency */ = {
			isa = PBXTargetDependency;
			target = 1828402C22EB6E2D002D2D4B /* Table Practice */;
			targetProxy = 1828404D22EB6E2F002D2D4B /* PBXContainerItemProxy */;
		};
/* End PBXTargetDependency section */

/* Begin PBXVariantGroup section */
		1828403422EB6E2D002D2D4B /* Main.storyboard */ = {
			isa = PBXVariantGroup;
			children = (
				1828403522EB6E2D002D2D4B /* Base */,
			);
			name = Main.storyboard;
			sourceTree = "<group>";
		};
		1828403922EB6E2E002D2D4B /* LaunchScreen.storyboard */ = {
			isa = PBXVariantGroup;
			children = (
				1828403A22EB6E2E002D2D4B /* Base */,
			);
			name = LaunchScreen.storyboard;
			sourceTree = "<group>";
		};
/* End PBXVariantGroup section */

/* Begin XCBuildConfiguration section */
		1828405322EB6E2F002D2D4B /* Debug */ = {
			isa = XCBuildConfiguration;
			buildSettings = {
				ALWAYS_SEARCH_USER_PATHS = NO;
				CLANG_ANALYZER_NONNULL = YES;
				CLANG_ANALYZER_NUMBER_OBJECT_CONVERSION = YES_AGGRESSIVE;
				CLANG_CXX_LANGUAGE_STANDARD = "gnu++14";
				CLANG_CXX_LIBRARY = "libc++";
				CLANG_ENABLE_MODULES = YES;
				CLANG_ENABLE_OBJC_ARC = YES;
				CLANG_ENABLE_OBJC_WEAK = YES;
				CLANG_WARN_BLOCK_CAPTURE_AUTORELEASING = YES;
				CLANG_WARN_BOOL_CONVERSION = YES;
				CLANG_WARN_COMMA = YES;
				CLANG_WARN_CONSTANT_CONVERSION = YES;
				CLANG_WARN_DEPRECATED_OBJC_IMPLEMENTATIONS = YES;
				CLANG_WARN_DIRECT_OBJC_ISA_USAGE = YES_ERROR;
				CLANG_WARN_DOCUMENTATION_COMMENTS = YES;
				CLANG_WARN_EMPTY_BODY = YES;
				CLANG_WARN_ENUM_CONVERSION = YES;
				CLANG_WARN_INFINITE_RECURSION = YES;
				CLANG_WARN_INT_CONVERSION = YES;
				CLANG_WARN_NON_LITERAL_NULL_CONVERSION = YES;
				CLANG_WARN_OBJC_IMPLICIT_RETAIN_SELF = YES;
				CLANG_WARN_OBJC_LITERAL_CONVERSION = YES;
				CLANG_WARN_OBJC_ROOT_CLASS = YES_ERROR;
				CLANG_WARN_RANGE_LOOP_ANALYSIS = YES;
				CLANG_WARN_STRICT_PROTOTYPES = YES;
				CLANG_WARN_SUSPICIOUS_MOVE = YES;
				CLANG_WARN_UNGUARDED_AVAILABILITY = YES_AGGRESSIVE;
				CLANG_WARN_UNREACHABLE_CODE = YES;
				CLANG_WARN__DUPLICATE_METHOD_MATCH = YES;
				CODE_SIGN_IDENTITY = "iPhone Developer";
				COPY_PHASE_STRIP = NO;
				DEBUG_INFORMATION_FORMAT = dwarf;
				ENABLE_STRICT_OBJC_MSGSEND = YES;
				ENABLE_TESTABILITY = YES;
				GCC_C_LANGUAGE_STANDARD = gnu11;
				GCC_DYNAMIC_NO_PIC = NO;
				GCC_NO_COMMON_BLOCKS = YES;
				GCC_OPTIMIZATION_LEVEL = 0;
				GCC_PREPROCESSOR_DEFINITIONS = (
					"DEBUG=1",
					"$(inherited)",
				);
				GCC_WARN_64_TO_32_BIT_CONVERSION = YES;
				GCC_WARN_ABOUT_RETURN_TYPE = YES_ERROR;
				GCC_WARN_UNDECLARED_SELECTOR = YES;
				GCC_WARN_UNINITIALIZED_AUTOS = YES_AGGRESSIVE;
				GCC_WARN_UNUSED_FUNCTION = YES;
				GCC_WARN_UNUSED_VARIABLE = YES;
				IPHONEOS_DEPLOYMENT_TARGET = 12.2;
				MTL_ENABLE_DEBUG_INFO = INCLUDE_SOURCE;
				MTL_FAST_MATH = YES;
				ONLY_ACTIVE_ARCH = YES;
				SDKROOT = iphoneos;
				SWIFT_ACTIVE_COMPILATION_CONDITIONS = DEBUG;
				SWIFT_OPTIMIZATION_LEVEL = "-Onone";
			};
			name = Debug;
		};
		1828405422EB6E2F002D2D4B /* Release */ = {
			isa = XCBuildConfiguration;
			buildSettings = {
				ALWAYS_SEARCH_USER_PATHS = NO;
				CLANG_ANALYZER_NONNULL = YES;
				CLANG_ANALYZER_NUMBER_OBJECT_CONVERSION = YES_AGGRESSIVE;
				CLANG_CXX_LANGUAGE_STANDARD = "gnu++14";
				CLANG_CXX_LIBRARY = "libc++";
				CLANG_ENABLE_MODULES = YES;
				CLANG_ENABLE_OBJC_ARC = YES;
				CLANG_ENABLE_OBJC_WEAK = YES;
				CLANG_WARN_BLOCK_CAPTURE_AUTORELEASING = YES;
				CLANG_WARN_BOOL_CONVERSION = YES;
				CLANG_WARN_COMMA = YES;
				CLANG_WARN_CONSTANT_CONVERSION = YES;
				CLANG_WARN_DEPRECATED_OBJC_IMPLEMENTATIONS = YES;
				CLANG_WARN_DIRECT_OBJC_ISA_USAGE = YES_ERROR;
				CLANG_WARN_DOCUMENTATION_COMMENTS = YES;
				CLANG_WARN_EMPTY_BODY = YES;
				CLANG_WARN_ENUM_CONVERSION = YES;
				CLANG_WARN_INFINITE_RECURSION = YES;
				CLANG_WARN_INT_CONVERSION = YES;
				CLANG_WARN_NON_LITERAL_NULL_CONVERSION = YES;
				CLANG_WARN_OBJC_IMPLICIT_RETAIN_SELF = YES;
				CLANG_WARN_OBJC_LITERAL_CONVERSION = YES;
				CLANG_WARN_OBJC_ROOT_CLASS = YES_ERROR;
				CLANG_WARN_RANGE_LOOP_ANALYSIS = YES;
				CLANG_WARN_STRICT_PROTOTYPES = YES;
				CLANG_WARN_SUSPICIOUS_MOVE = YES;
				CLANG_WARN_UNGUARDED_AVAILABILITY = YES_AGGRESSIVE;
				CLANG_WARN_UNREACHABLE_CODE = YES;
				CLANG_WARN__DUPLICATE_METHOD_MATCH = YES;
				CODE_SIGN_IDENTITY = "iPhone Developer";
				COPY_PHASE_STRIP = NO;
				DEBUG_INFORMATION_FORMAT = "dwarf-with-dsym";
				ENABLE_NS_ASSERTIONS = NO;
				ENABLE_STRICT_OBJC_MSGSEND = YES;
				GCC_C_LANGUAGE_STANDARD = gnu11;
				GCC_NO_COMMON_BLOCKS = YES;
				GCC_WARN_64_TO_32_BIT_CONVERSION = YES;
				GCC_WARN_ABOUT_RETURN_TYPE = YES_ERROR;
				GCC_WARN_UNDECLARED_SELECTOR = YES;
				GCC_WARN_UNINITIALIZED_AUTOS = YES_AGGRESSIVE;
				GCC_WARN_UNUSED_FUNCTION = YES;
				GCC_WARN_UNUSED_VARIABLE = YES;
				IPHONEOS_DEPLOYMENT_TARGET = 12.2;
				MTL_ENABLE_DEBUG_INFO = NO;
				MTL_FAST_MATH = YES;
				SDKROOT = iphoneos;
				SWIFT_COMPILATION_MODE = wholemodule;
				SWIFT_OPTIMIZATION_LEVEL = "-O";
				VALIDATE_PRODUCT = YES;
			};
			name = Release;
		};
		1828405622EB6E2F002D2D4B /* Debug */ = {
			isa = XCBuildConfiguration;
			buildSettings = {
				ASSETCATALOG_COMPILER_APPICON_NAME = AppIcon;
				CODE_SIGN_STYLE = Automatic;
				INFOPLIST_FILE = "Table Practice/Info.plist";
				LD_RUNPATH_SEARCH_PATHS = (
					"$(inherited)",
					"@executable_path/Frameworks",
				);
				PRODUCT_BUNDLE_IDENTIFIER = "Emily-Lin.Table-Practice";
				PRODUCT_NAME = "$(TARGET_NAME)";
				SWIFT_VERSION = 5.0;
				TARGETED_DEVICE_FAMILY = "1,2";
			};
			name = Debug;
		};
		1828405722EB6E2F002D2D4B /* Release */ = {
			isa = XCBuildConfiguration;
			buildSettings = {
				ASSETCATALOG_COMPILER_APPICON_NAME = AppIcon;
				CODE_SIGN_STYLE = Automatic;
				INFOPLIST_FILE = "Table Practice/Info.plist";
				LD_RUNPATH_SEARCH_PATHS = (
					"$(inherited)",
					"@executable_path/Frameworks",
				);
				PRODUCT_BUNDLE_IDENTIFIER = "Emily-Lin.Table-Practice";
				PRODUCT_NAME = "$(TARGET_NAME)";
				SWIFT_VERSION = 5.0;
				TARGETED_DEVICE_FAMILY = "1,2";
			};
			name = Release;
		};
		1828405922EB6E2F002D2D4B /* Debug */ = {
			isa = XCBuildConfiguration;
			buildSettings = {
				ALWAYS_EMBED_SWIFT_STANDARD_LIBRARIES = YES;
				BUNDLE_LOADER = "$(TEST_HOST)";
				CODE_SIGN_STYLE = Automatic;
				INFOPLIST_FILE = "Table PracticeTests/Info.plist";
				LD_RUNPATH_SEARCH_PATHS = (
					"$(inherited)",
					"@executable_path/Frameworks",
					"@loader_path/Frameworks",
				);
				PRODUCT_BUNDLE_IDENTIFIER = "Emily-Lin.Table-PracticeTests";
				PRODUCT_NAME = "$(TARGET_NAME)";
				SWIFT_VERSION = 5.0;
				TARGETED_DEVICE_FAMILY = "1,2";
				TEST_HOST = "$(BUILT_PRODUCTS_DIR)/Table Practice.app/Table Practice";
			};
			name = Debug;
		};
		1828405A22EB6E2F002D2D4B /* Release */ = {
			isa = XCBuildConfiguration;
			buildSettings = {
				ALWAYS_EMBED_SWIFT_STANDARD_LIBRARIES = YES;
				BUNDLE_LOADER = "$(TEST_HOST)";
				CODE_SIGN_STYLE = Automatic;
				INFOPLIST_FILE = "Table PracticeTests/Info.plist";
				LD_RUNPATH_SEARCH_PATHS = (
					"$(inherited)",
					"@executable_path/Frameworks",
					"@loader_path/Frameworks",
				);
				PRODUCT_BUNDLE_IDENTIFIER = "Emily-Lin.Table-PracticeTests";
				PRODUCT_NAME = "$(TARGET_NAME)";
				SWIFT_VERSION = 5.0;
				TARGETED_DEVICE_FAMILY = "1,2";
				TEST_HOST = "$(BUILT_PRODUCTS_DIR)/Table Practice.app/Table Practice";
			};
			name = Release;
		};
		1828405C22EB6E2F002D2D4B /* Debug */ = {
			isa = XCBuildConfiguration;
			buildSettings = {
				ALWAYS_EMBED_SWIFT_STANDARD_LIBRARIES = YES;
				CODE_SIGN_STYLE = Automatic;
				INFOPLIST_FILE = "Table PracticeUITests/Info.plist";
				LD_RUNPATH_SEARCH_PATHS = (
					"$(inherited)",
					"@executable_path/Frameworks",
					"@loader_path/Frameworks",
				);
				PRODUCT_BUNDLE_IDENTIFIER = "Emily-Lin.Table-PracticeUITests";
				PRODUCT_NAME = "$(TARGET_NAME)";
				SWIFT_VERSION = 5.0;
				TARGETED_DEVICE_FAMILY = "1,2";
				TEST_TARGET_NAME = "Table Practice";
			};
			name = Debug;
		};
		1828405D22EB6E2F002D2D4B /* Release */ = {
			isa = XCBuildConfiguration;
			buildSettings = {
				ALWAYS_EMBED_SWIFT_STANDARD_LIBRARIES = YES;
				CODE_SIGN_STYLE = Automatic;
				INFOPLIST_FILE = "Table PracticeUITests/Info.plist";
				LD_RUNPATH_SEARCH_PATHS = (
					"$(inherited)",
					"@executable_path/Frameworks",
					"@loader_path/Frameworks",
				);
				PRODUCT_BUNDLE_IDENTIFIER = "Emily-Lin.Table-PracticeUITests";
				PRODUCT_NAME = "$(TARGET_NAME)";
				SWIFT_VERSION = 5.0;
				TARGETED_DEVICE_FAMILY = "1,2";
				TEST_TARGET_NAME = "Table Practice";
			};
			name = Release;
		};
/* End XCBuildConfiguration section */

/* Begin XCConfigurationList section */
		1828402822EB6E2D002D2D4B /* Build configuration list for PBXProject "Table Practice" */ = {
			isa = XCConfigurationList;
			buildConfigurations = (
				1828405322EB6E2F002D2D4B /* Debug */,
				1828405422EB6E2F002D2D4B /* Release */,
			);
			defaultConfigurationIsVisible = 0;
			defaultConfigurationName = Release;
		};
		1828405522EB6E2F002D2D4B /* Build configuration list for PBXNativeTarget "Table Practice" */ = {
			isa = XCConfigurationList;
			buildConfigurations = (
				1828405622EB6E2F002D2D4B /* Debug */,
				1828405722EB6E2F002D2D4B /* Release */,
			);
			defaultConfigurationIsVisible = 0;
			defaultConfigurationName = Release;
		};
		1828405822EB6E2F002D2D4B /* Build configuration list for PBXNativeTarget "Table PracticeTests" */ = {
			isa = XCConfigurationList;
			buildConfigurations = (
				1828405922EB6E2F002D2D4B /* Debug */,
				1828405A22EB6E2F002D2D4B /* Release */,
			);
			defaultConfigurationIsVisible = 0;
			defaultConfigurationName = Release;
		};
		1828405B22EB6E2F002D2D4B /* Build configuration list for PBXNativeTarget "Table PracticeUITests" */ = {
			isa = XCConfigurationList;
			buildConfigurations = (
				1828405C22EB6E2F002D2D4B /* Debug */,
				1828405D22EB6E2F002D2D4B /* Release */,
			);
			defaultConfigurationIsVisible = 0;
			defaultConfigurationName = Release;
		};
/* End XCConfigurationList section */
	};
	rootObject = 1828402522EB6E2D002D2D4B /* Project object */;
}
